
Microsoft Visual Studio Solution File, Format Version 12.00
# Visual Studio Version 16
VisualStudioVersion = 16.0.30225.117
MinimumVisualStudioVersion = 10.0.40219.1
Project("{FAE04EC0-301F-11D3-BF4B-00C04F79EFBC}") = "Lab_4.2", "Lab_4.2.csproj", "{CECBAFCF-9DF3-4760-A0BF-00A8E75D2A40}"
EndProject
Global
	GlobalSection(SolutionConfigurationPlatforms) = preSolution
		Debug|Any CPU = Debug|Any CPU
		Release|Any CPU = Release|Any CPU
	EndGlobalSection
	GlobalSection(ProjectConfigurationPlatforms) = postSolution
		{CECBAFCF-9DF3-4760-A0BF-00A8E75D2A40}.Debug|Any CPU.ActiveCfg = Debug|Any CPU
		{CECBAFCF-9DF3-4760-A0BF-00A8E75D2A40}.Debug|Any CPU.Build.0 = Debug|Any CPU
		{CECBAFCF-9DF3-4760-A0BF-00A8E75D2A40}.Release|Any CPU.ActiveCfg = Release|Any CPU
		{CECBAFCF-9DF3-4760-A0BF-00A8E75D2A40}.Release|Any CPU.Build.0 = Release|Any CPU
	EndGlobalSection
	GlobalSection(SolutionProperties) = preSolution
		HideSolutionNode = FALSE
	EndGlobalSection
	GlobalSection(ExtensibilityGlobals) = postSolution
		SolutionGuid = {970DAE9A-1938-456A-8F0F-EC536F7F4F31}
	EndGlobalSection
EndGlobal
